github.com/yuki-seike/golib v0.0.0-20230221025708-0dcb228d7ab9 h1:P6dkp7BDcA3VoPQLVF0IJaFm/zuePHkkvbo0/LW/yv4=
github.com/yuki-seike/golib v0.0.0-20230221025708-0dcb228d7ab9/go.mod h1:BpcUr9K4wGofMHoKok0dGfxkQDUW7EPTX9GSbHnPI+w=
github.com/yuki-seike/golib v0.0.0-20230221031322-1b68a8cc5ec6 h1:6nY7YQq2kCzOHIjRoPHJ6YufWxEiuNKEr2Pv5C+NZO8=
github.com/yuki-seike/golib v0.0.0-20230221031322-1b68a8cc5ec6/go.mod h1:BpcUr9K4wGofMHoKok0dGfxkQDUW7EPTX9GSbHnPI+w=
